
Microsoft Visual Studio Solution File, Format Version 12.00
# Visual Studio Version 17
VisualStudioVersion = 17.4.33205.214
MinimumVisualStudioVersion = 10.0.40219.1
Project("{FAE04EC0-301F-11D3-BF4B-00C04F79EFBC}") = "ParseTypesDayz", "ParseTypesDayz\ParseTypesDayz.csproj", "{FCDB141D-2CDB-4B9E-9A97-AB111723FA8C}"
EndProject
Global
	GlobalSection(SolutionConfigurationPlatforms) = preSolution
		Debug|Any CPU = Debug|Any CPU
		Release|Any CPU = Release|Any CPU
	EndGlobalSection
	GlobalSection(ProjectConfigurationPlatforms) = postSolution
		{FCDB141D-2CDB-4B9E-9A97-AB111723FA8C}.Debug|Any CPU.ActiveCfg = Debug|Any CPU
		{FCDB141D-2CDB-4B9E-9A97-AB111723FA8C}.Debug|Any CPU.Build.0 = Debug|Any CPU
		{FCDB141D-2CDB-4B9E-9A97-AB111723FA8C}.Release|Any CPU.ActiveCfg = Release|Any CPU
		{FCDB141D-2CDB-4B9E-9A97-AB111723FA8C}.Release|Any CPU.Build.0 = Release|Any CPU
	EndGlobalSection
	GlobalSection(SolutionProperties) = preSolution
		HideSolutionNode = FALSE
	EndGlobalSection
	GlobalSection(ExtensibilityGlobals) = postSolution
		SolutionGuid = {761C831B-7104-4FA6-BFDC-5B63937F21FA}
	EndGlobalSection
EndGlobal
